<?xml version="1.0" encoding="utf-8"?>
<Project ToolsVersion="4.0" xmlns="http://schemas.microsoft.com/developer/msbuild/2003">
  <ItemGroup>
    <Filter Include="Исходные файлы">
      <UniqueIdentifier>{4FC737F1-C7A5-4376-A066-2A32D752A2FF}</UniqueIdentifier>
      <Extensions>cpp;c;cc;cxx;c++;cppm;ixx;def;odl;idl;hpj;bat;asm;asmx</Extensions>
    </Filter>
    <Filter Include="Файлы заголовков">
      <UniqueIdentifier>{93995380-89BD-4b04-88EB-625FBE52EBFB}</UniqueIdentifier>
      <Extensions>h;hh;hpp;hxx;h++;hm;inl;inc;ipp;xsd</Extensions>
    </Filter>
    <Filter Include="Файлы ресурсов">
      <UniqueIdentifier>{67DA6AB6-F800-4c08-8B7A-83BB121AAD01}</UniqueIdentifier>
      <Extensions>rc;ico;cur;bmp;dlg;rc2;rct;bin;rgs;gif;jpg;jpeg;jpe;resx;tiff;tif;png;wav;mfcribbon-ms</Extensions>
    </Filter>
    <Filter Include="Исходные файлы\Main">
      <UniqueIdentifier>{302c9852-8b3e-4287-a6bf-4427052e2329}</UniqueIdentifier>
    </Filter>
    <Filter Include="Файлы заголовков\Main">
      <UniqueIdentifier>{6da74374-fe4e-45fc-954b-e4de3965ebe6}</UniqueIdentifier>
    </Filter>
    <Filter Include="Исходные файлы\MyAutomationEventHandler">
      <UniqueIdentifier>{93b97df0-0b31-4f90-ad4a-237b39578d20}</UniqueIdentifier>
    </Filter>
  </ItemGroup>
  <ItemGroup>
    <ClCompile Include="MyAutomationEventHandlerApps.cpp">
      <Filter>Исходные файлы\MyAutomationEventHandler</Filter>
    </ClCompile>
    <ClCompile Include="Args.cpp">
      <Filter>Исходные файлы\Main</Filter>
    </ClCompile>
    <ClCompile Include="Errors.cpp">
      <Filter>Исходные файлы\Main</Filter>
    </ClCompile>
    <ClCompile Include="Find.cpp">
      <Filter>Исходные файлы\Main</Filter>
    </ClCompile>
    <ClCompile Include="Logger.cpp">
      <Filter>Исходные файлы\Main</Filter>
    </ClCompile>
    <ClCompile Include="Main.cpp">
      <Filter>Исходные файлы\Main</Filter>
    </ClCompile>
    <ClCompile Include="Helpers.cpp">
      <Filter>Исходные файлы\Main</Filter>
    </ClCompile>
    <ClCompile Include="MyAutomationEventHandler.cpp">
      <Filter>Исходные файлы\MyAutomationEventHandler</Filter>
    </ClCompile>
  </ItemGroup>
  <ItemGroup>
    <ClInclude Include="MyAutomationEventHandlerApps.h">
      <Filter>Исходные файлы\MyAutomationEventHandler</Filter>
    </ClInclude>
    <ClInclude Include="Args.h">
      <Filter>Файлы заголовков\Main</Filter>
    </ClInclude>
    <ClInclude Include="Errors.h">
      <Filter>Файлы заголовков\Main</Filter>
    </ClInclude>
    <ClInclude Include="Find.h">
      <Filter>Файлы заголовков\Main</Filter>
    </ClInclude>
    <ClInclude Include="Logger.h">
      <Filter>Файлы заголовков\Main</Filter>
    </ClInclude>
    <ClInclude Include="Main.h">
      <Filter>Файлы заголовков\Main</Filter>
    </ClInclude>
    <ClInclude Include="Helpers.h">
      <Filter>Файлы заголовков\Main</Filter>
    </ClInclude>
    <ClInclude Include="MyAutomationEventHandler.h">
      <Filter>Исходные файлы\MyAutomationEventHandler</Filter>
    </ClInclude>
  </ItemGroup>
</Project>